
Microsoft Visual Studio Solution File, Format Version 12.00
# Visual Studio Version 16
VisualStudioVersion = 16.0.31205.134
MinimumVisualStudioVersion = 10.0.40219.1
Project("{9A19103F-16F7-4668-BE54-9A1E7A4F7556}") = "Learning1", "Learning1\Learning1.csproj", "{7F6FBDA3-E92F-4578-837E-C331333AF77D}"
EndProject
Project("{FAE04EC0-301F-11D3-BF4B-00C04F79EFBC}") = "DemoAssemby1", "DemoAssemby1\DemoAssemby1.csproj", "{37B0EB46-8DAD-412D-BB0C-3F6445E41F2B}"
EndProject
Project("{FAE04EC0-301F-11D3-BF4B-00C04F79EFBC}") = "DemoAssembly2", "DemoAssembly2\DemoAssembly2.csproj", "{504B10BB-08F6-43EF-891E-AFA86DB439D5}"
EndProject
Global
	GlobalSection(SolutionConfigurationPlatforms) = preSolution
		Debug|Any CPU = Debug|Any CPU
		Release|Any CPU = Release|Any CPU
	EndGlobalSection
	GlobalSection(ProjectConfigurationPlatforms) = postSolution
		{7F6FBDA3-E92F-4578-837E-C331333AF77D}.Debug|Any CPU.ActiveCfg = Debug|Any CPU
		{7F6FBDA3-E92F-4578-837E-C331333AF77D}.Debug|Any CPU.Build.0 = Debug|Any CPU
		{7F6FBDA3-E92F-4578-837E-C331333AF77D}.Release|Any CPU.ActiveCfg = Release|Any CPU
		{7F6FBDA3-E92F-4578-837E-C331333AF77D}.Release|Any CPU.Build.0 = Release|Any CPU
		{37B0EB46-8DAD-412D-BB0C-3F6445E41F2B}.Debug|Any CPU.ActiveCfg = Debug|Any CPU
		{37B0EB46-8DAD-412D-BB0C-3F6445E41F2B}.Debug|Any CPU.Build.0 = Debug|Any CPU
		{37B0EB46-8DAD-412D-BB0C-3F6445E41F2B}.Release|Any CPU.ActiveCfg = Release|Any CPU
		{37B0EB46-8DAD-412D-BB0C-3F6445E41F2B}.Release|Any CPU.Build.0 = Release|Any CPU
		{504B10BB-08F6-43EF-891E-AFA86DB439D5}.Debug|Any CPU.ActiveCfg = Debug|Any CPU
		{504B10BB-08F6-43EF-891E-AFA86DB439D5}.Debug|Any CPU.Build.0 = Debug|Any CPU
		{504B10BB-08F6-43EF-891E-AFA86DB439D5}.Release|Any CPU.ActiveCfg = Release|Any CPU
		{504B10BB-08F6-43EF-891E-AFA86DB439D5}.Release|Any CPU.Build.0 = Release|Any CPU
	EndGlobalSection
	GlobalSection(SolutionProperties) = preSolution
		HideSolutionNode = FALSE
	EndGlobalSection
	GlobalSection(ExtensibilityGlobals) = postSolution
		SolutionGuid = {AB7CBCF6-E32C-4AE9-BCD1-5D13A5BF7EF3}
	EndGlobalSection
EndGlobal
